# This file is automatically @generated by Cargo.
# It is not intended for manual editing.
[[package]]
name = "adler32"
version = "1.0.3"
source = "registry+https://github.com/rust-lang/crates.io-index"

[[package]]
name = "aes"
version = "0.3.2"
source = "registry+https://github.com/rust-lang/crates.io-index"
dependencies = [
 "aes-soft 0.3.3 (registry+https://github.com/rust-lang/crates.io-index)",
 "aesni 0.6.0 (registry+https://github.com/rust-lang/crates.io-index)",
 "block-cipher-trait 0.6.2 (registry+https://github.com/rust-lang/crates.io-index)",
]

[[package]]
name = "aes-soft"
version = "0.3.3"
source = "registry+https://github.com/rust-lang/crates.io-index"
dependencies = [
 "block-cipher-trait 0.6.2 (registry+https://github.com/rust-lang/crates.io-index)",
 "byteorder 1.3.1 (registry+https://github.com/rust-lang/crates.io-index)",
 "opaque-debug 0.2.2 (registry+https://github.com/rust-lang/crates.io-index)",
]

[[package]]
name = "aesni"
version = "0.6.0"
source = "registry+https://github.com/rust-lang/crates.io-index"
dependencies = [
 "block-cipher-trait 0.6.2 (registry+https://github.com/rust-lang/crates.io-index)",
 "opaque-debug 0.2.2 (registry+https://github.com/rust-lang/crates.io-index)",
]

[[package]]
name = "atk"
version = "0.6.0"
source = "registry+https://github.com/rust-lang/crates.io-index"
dependencies = [
 "atk-sys 0.8.0 (registry+https://github.com/rust-lang/crates.io-index)",
 "bitflags 1.0.4 (registry+https://github.com/rust-lang/crates.io-index)",
 "glib 0.7.1 (registry+https://github.com/rust-lang/crates.io-index)",
 "glib-sys 0.8.0 (registry+https://github.com/rust-lang/crates.io-index)",
 "gobject-sys 0.8.0 (registry+https://github.com/rust-lang/crates.io-index)",
 "libc 0.2.51 (registry+https://github.com/rust-lang/crates.io-index)",
]

[[package]]
name = "atk-sys"
version = "0.8.0"
source = "registry+https://github.com/rust-lang/crates.io-index"
dependencies = [
 "glib-sys 0.8.0 (registry+https://github.com/rust-lang/crates.io-index)",
 "gobject-sys 0.8.0 (registry+https://github.com/rust-lang/crates.io-index)",
 "libc 0.2.51 (registry+https://github.com/rust-lang/crates.io-index)",
 "pkg-config 0.3.14 (registry+https://github.com/rust-lang/crates.io-index)",
]

[[package]]
name = "autocfg"
version = "0.1.2"
source = "registry+https://github.com/rust-lang/crates.io-index"

[[package]]
name = "backtrace"
version = "0.3.15"
source = "registry+https://github.com/rust-lang/crates.io-index"
dependencies = [
 "autocfg 0.1.2 (registry+https://github.com/rust-lang/crates.io-index)",
 "backtrace-sys 0.1.28 (registry+https://github.com/rust-lang/crates.io-index)",
 "cfg-if 0.1.7 (registry+https://github.com/rust-lang/crates.io-index)",
 "libc 0.2.51 (registry+https://github.com/rust-lang/crates.io-index)",
 "rustc-demangle 0.1.14 (registry+https://github.com/rust-lang/crates.io-index)",
 "winapi 0.3.7 (registry+https://github.com/rust-lang/crates.io-index)",
]

[[package]]
name = "backtrace-sys"
version = "0.1.28"
source = "registry+https://github.com/rust-lang/crates.io-index"
dependencies = [
 "cc 1.0.35 (registry+https://github.com/rust-lang/crates.io-index)",
 "libc 0.2.51 (registry+https://github.com/rust-lang/crates.io-index)",
]

[[package]]
name = "bincode"
version = "1.1.3"
source = "registry+https://github.com/rust-lang/crates.io-index"
dependencies = [
 "autocfg 0.1.2 (registry+https://github.com/rust-lang/crates.io-index)",
 "byteorder 1.3.1 (registry+https://github.com/rust-lang/crates.io-index)",
 "serde 1.0.90 (registry+https://github.com/rust-lang/crates.io-index)",
]

[[package]]
name = "bitflags"
version = "1.0.4"
source = "registry+https://github.com/rust-lang/crates.io-index"

[[package]]
name = "block-cipher-trait"
version = "0.6.2"
source = "registry+https://github.com/rust-lang/crates.io-index"
dependencies = [
 "generic-array 0.12.0 (registry+https://github.com/rust-lang/crates.io-index)",
]

[[package]]
name = "block-modes"
version = "0.3.2"
source = "registry+https://github.com/rust-lang/crates.io-index"
dependencies = [
 "block-cipher-trait 0.6.2 (registry+https://github.com/rust-lang/crates.io-index)",
 "block-padding 0.1.3 (registry+https://github.com/rust-lang/crates.io-index)",
]

[[package]]
name = "block-padding"
version = "0.1.3"
source = "registry+https://github.com/rust-lang/crates.io-index"
dependencies = [
 "byte-tools 0.3.1 (registry+https://github.com/rust-lang/crates.io-index)",
]

[[package]]
name = "byte-tools"
version = "0.3.1"
source = "registry+https://github.com/rust-lang/crates.io-index"

[[package]]
name = "byteorder"
version = "1.3.1"
source = "registry+https://github.com/rust-lang/crates.io-index"

[[package]]
name = "cairo-rs"
version = "0.6.0"
source = "registry+https://github.com/rust-lang/crates.io-index"
dependencies = [
 "bitflags 1.0.4 (registry+https://github.com/rust-lang/crates.io-index)",
 "cairo-sys-rs 0.8.0 (registry+https://github.com/rust-lang/crates.io-index)",
 "glib 0.7.1 (registry+https://github.com/rust-lang/crates.io-index)",
 "glib-sys 0.8.0 (registry+https://github.com/rust-lang/crates.io-index)",
 "gobject-sys 0.8.0 (registry+https://github.com/rust-lang/crates.io-index)",
 "libc 0.2.51 (registry+https://github.com/rust-lang/crates.io-index)",
]

[[package]]
name = "cairo-sys-rs"
version = "0.8.0"
source = "registry+https://github.com/rust-lang/crates.io-index"
dependencies = [
 "glib-sys 0.8.0 (registry+https://github.com/rust-lang/crates.io-index)",
 "libc 0.2.51 (registry+https://github.com/rust-lang/crates.io-index)",
 "pkg-config 0.3.14 (registry+https://github.com/rust-lang/crates.io-index)",
 "winapi 0.3.7 (registry+https://github.com/rust-lang/crates.io-index)",
]

[[package]]
name = "cc"
version = "1.0.35"
source = "registry+https://github.com/rust-lang/crates.io-index"

[[package]]
name = "cfg-if"
version = "0.1.7"
source = "registry+https://github.com/rust-lang/crates.io-index"

[[package]]
name = "cloudabi"
version = "0.0.3"
source = "registry+https://github.com/rust-lang/crates.io-index"
dependencies = [
 "bitflags 1.0.4 (registry+https://github.com/rust-lang/crates.io-index)",
]

[[package]]
name = "debug-cell"
version = "0.1.1"
source = "registry+https://github.com/rust-lang/crates.io-index"
dependencies = [
 "backtrace 0.3.15 (registry+https://github.com/rust-lang/crates.io-index)",
]

[[package]]
name = "deflate"
version = "0.7.19"
source = "registry+https://github.com/rust-lang/crates.io-index"
dependencies = [
 "adler32 1.0.3 (registry+https://github.com/rust-lang/crates.io-index)",
 "byteorder 1.3.1 (registry+https://github.com/rust-lang/crates.io-index)",
]

[[package]]
name = "embed-resource"
version = "1.2.0"
source = "registry+https://github.com/rust-lang/crates.io-index"
dependencies = [
 "vswhom 0.1.0 (registry+https://github.com/rust-lang/crates.io-index)",
 "winreg 0.5.1 (registry+https://github.com/rust-lang/crates.io-index)",
]

[[package]]
name = "encoding_rs"
version = "0.8.17"
source = "registry+https://github.com/rust-lang/crates.io-index"
dependencies = [
 "cfg-if 0.1.7 (registry+https://github.com/rust-lang/crates.io-index)",
]

[[package]]
name = "failure"
version = "0.1.5"
source = "registry+https://github.com/rust-lang/crates.io-index"
dependencies = [
 "backtrace 0.3.15 (registry+https://github.com/rust-lang/crates.io-index)",
 "failure_derive 0.1.5 (registry+https://github.com/rust-lang/crates.io-index)",
]

[[package]]
name = "failure_derive"
version = "0.1.5"
source = "registry+https://github.com/rust-lang/crates.io-index"
dependencies = [
 "proc-macro2 0.4.27 (registry+https://github.com/rust-lang/crates.io-index)",
 "quote 0.6.12 (registry+https://github.com/rust-lang/crates.io-index)",
 "syn 0.15.31 (registry+https://github.com/rust-lang/crates.io-index)",
 "synstructure 0.10.1 (registry+https://github.com/rust-lang/crates.io-index)",
]

[[package]]
name = "fragile"
version = "0.3.0"
source = "registry+https://github.com/rust-lang/crates.io-index"

[[package]]
name = "fuchsia-cprng"
version = "0.1.1"
source = "registry+https://github.com/rust-lang/crates.io-index"

[[package]]
name = "gdk"
version = "0.10.0"
source = "registry+https://github.com/rust-lang/crates.io-index"
dependencies = [
 "bitflags 1.0.4 (registry+https://github.com/rust-lang/crates.io-index)",
 "cairo-rs 0.6.0 (registry+https://github.com/rust-lang/crates.io-index)",
 "cairo-sys-rs 0.8.0 (registry+https://github.com/rust-lang/crates.io-index)",
 "gdk-pixbuf 0.6.0 (registry+https://github.com/rust-lang/crates.io-index)",
 "gdk-sys 0.8.0 (registry+https://github.com/rust-lang/crates.io-index)",
 "gio 0.6.0 (registry+https://github.com/rust-lang/crates.io-index)",
 "gio-sys 0.8.0 (registry+https://github.com/rust-lang/crates.io-index)",
 "glib 0.7.1 (registry+https://github.com/rust-lang/crates.io-index)",
 "glib-sys 0.8.0 (registry+https://github.com/rust-lang/crates.io-index)",
 "gobject-sys 0.8.0 (registry+https://github.com/rust-lang/crates.io-index)",
 "libc 0.2.51 (registry+https://github.com/rust-lang/crates.io-index)",
 "pango 0.6.0 (registry+https://github.com/rust-lang/crates.io-index)",
]

[[package]]
name = "gdk-pixbuf"
version = "0.6.0"
source = "registry+https://github.com/rust-lang/crates.io-index"
dependencies = [
 "gdk-pixbuf-sys 0.8.0 (registry+https://github.com/rust-lang/crates.io-index)",
 "gio 0.6.0 (registry+https://github.com/rust-lang/crates.io-index)",
 "gio-sys 0.8.0 (registry+https://github.com/rust-lang/crates.io-index)",
 "glib 0.7.1 (registry+https://github.com/rust-lang/crates.io-index)",
 "glib-sys 0.8.0 (registry+https://github.com/rust-lang/crates.io-index)",
 "gobject-sys 0.8.0 (registry+https://github.com/rust-lang/crates.io-index)",
 "libc 0.2.51 (registry+https://github.com/rust-lang/crates.io-index)",
]

[[package]]
name = "gdk-pixbuf-sys"
version = "0.8.0"
source = "registry+https://github.com/rust-lang/crates.io-index"
dependencies = [
 "gio-sys 0.8.0 (registry+https://github.com/rust-lang/crates.io-index)",
 "glib-sys 0.8.0 (registry+https://github.com/rust-lang/crates.io-index)",
 "gobject-sys 0.8.0 (registry+https://github.com/rust-lang/crates.io-index)",
 "libc 0.2.51 (registry+https://github.com/rust-lang/crates.io-index)",
 "pkg-config 0.3.14 (registry+https://github.com/rust-lang/crates.io-index)",
]

[[package]]
name = "gdk-sys"
version = "0.8.0"
source = "registry+https://github.com/rust-lang/crates.io-index"
dependencies = [
 "cairo-sys-rs 0.8.0 (registry+https://github.com/rust-lang/crates.io-index)",
 "gdk-pixbuf-sys 0.8.0 (registry+https://github.com/rust-lang/crates.io-index)",
 "gio-sys 0.8.0 (registry+https://github.com/rust-lang/crates.io-index)",
 "glib-sys 0.8.0 (registry+https://github.com/rust-lang/crates.io-index)",
 "gobject-sys 0.8.0 (registry+https://github.com/rust-lang/crates.io-index)",
 "libc 0.2.51 (registry+https://github.com/rust-lang/crates.io-index)",
 "pango-sys 0.8.0 (registry+https://github.com/rust-lang/crates.io-index)",
 "pkg-config 0.3.14 (registry+https://github.com/rust-lang/crates.io-index)",
]

[[package]]
name = "generic-array"
version = "0.12.0"
source = "registry+https://github.com/rust-lang/crates.io-index"
dependencies = [
 "typenum 1.10.0 (registry+https://github.com/rust-lang/crates.io-index)",
]

[[package]]
name = "gio"
version = "0.6.0"
source = "registry+https://github.com/rust-lang/crates.io-index"
dependencies = [
 "bitflags 1.0.4 (registry+https://github.com/rust-lang/crates.io-index)",
 "fragile 0.3.0 (registry+https://github.com/rust-lang/crates.io-index)",
 "gio-sys 0.8.0 (registry+https://github.com/rust-lang/crates.io-index)",
 "glib 0.7.1 (registry+https://github.com/rust-lang/crates.io-index)",
 "glib-sys 0.8.0 (registry+https://github.com/rust-lang/crates.io-index)",
 "gobject-sys 0.8.0 (registry+https://github.com/rust-lang/crates.io-index)",
 "lazy_static 1.3.0 (registry+https://github.com/rust-lang/crates.io-index)",
 "libc 0.2.51 (registry+https://github.com/rust-lang/crates.io-index)",
]

[[package]]
name = "gio-sys"
version = "0.8.0"
source = "registry+https://github.com/rust-lang/crates.io-index"
dependencies = [
 "glib-sys 0.8.0 (registry+https://github.com/rust-lang/crates.io-index)",
 "gobject-sys 0.8.0 (registry+https://github.com/rust-lang/crates.io-index)",
 "libc 0.2.51 (registry+https://github.com/rust-lang/crates.io-index)",
 "pkg-config 0.3.14 (registry+https://github.com/rust-lang/crates.io-index)",
]

[[package]]
name = "glib"
version = "0.7.1"
source = "registry+https://github.com/rust-lang/crates.io-index"
dependencies = [
 "bitflags 1.0.4 (registry+https://github.com/rust-lang/crates.io-index)",
 "glib-sys 0.8.0 (registry+https://github.com/rust-lang/crates.io-index)",
 "gobject-sys 0.8.0 (registry+https://github.com/rust-lang/crates.io-index)",
 "lazy_static 1.3.0 (registry+https://github.com/rust-lang/crates.io-index)",
 "libc 0.2.51 (registry+https://github.com/rust-lang/crates.io-index)",
]

[[package]]
name = "glib-sys"
version = "0.8.0"
source = "registry+https://github.com/rust-lang/crates.io-index"
dependencies = [
 "libc 0.2.51 (registry+https://github.com/rust-lang/crates.io-index)",
 "pkg-config 0.3.14 (registry+https://github.com/rust-lang/crates.io-index)",
]

[[package]]
name = "gobject-sys"
version = "0.8.0"
source = "registry+https://github.com/rust-lang/crates.io-index"
dependencies = [
 "glib-sys 0.8.0 (registry+https://github.com/rust-lang/crates.io-index)",
 "libc 0.2.51 (registry+https://github.com/rust-lang/crates.io-index)",
 "pkg-config 0.3.14 (registry+https://github.com/rust-lang/crates.io-index)",
]

[[package]]
name = "gtk"
version = "0.6.0"
source = "registry+https://github.com/rust-lang/crates.io-index"
dependencies = [
 "atk 0.6.0 (registry+https://github.com/rust-lang/crates.io-index)",
 "bitflags 1.0.4 (registry+https://github.com/rust-lang/crates.io-index)",
 "cairo-rs 0.6.0 (registry+https://github.com/rust-lang/crates.io-index)",
 "cairo-sys-rs 0.8.0 (registry+https://github.com/rust-lang/crates.io-index)",
 "cc 1.0.35 (registry+https://github.com/rust-lang/crates.io-index)",
 "gdk 0.10.0 (registry+https://github.com/rust-lang/crates.io-index)",
 "gdk-pixbuf 0.6.0 (registry+https://github.com/rust-lang/crates.io-index)",
 "gdk-pixbuf-sys 0.8.0 (registry+https://github.com/rust-lang/crates.io-index)",
 "gdk-sys 0.8.0 (registry+https://github.com/rust-lang/crates.io-index)",
 "gio 0.6.0 (registry+https://github.com/rust-lang/crates.io-index)",
 "gio-sys 0.8.0 (registry+https://github.com/rust-lang/crates.io-index)",
 "glib 0.7.1 (registry+https://github.com/rust-lang/crates.io-index)",
 "glib-sys 0.8.0 (registry+https://github.com/rust-lang/crates.io-index)",
 "gobject-sys 0.8.0 (registry+https://github.com/rust-lang/crates.io-index)",
 "gtk-sys 0.8.0 (registry+https://github.com/rust-lang/crates.io-index)",
 "lazy_static 1.3.0 (registry+https://github.com/rust-lang/crates.io-index)",
 "libc 0.2.51 (registry+https://github.com/rust-lang/crates.io-index)",
 "pango 0.6.0 (registry+https://github.com/rust-lang/crates.io-index)",
 "pango-sys 0.8.0 (registry+https://github.com/rust-lang/crates.io-index)",
]

[[package]]
name = "gtk-sys"
version = "0.8.0"
source = "registry+https://github.com/rust-lang/crates.io-index"
dependencies = [
 "atk-sys 0.8.0 (registry+https://github.com/rust-lang/crates.io-index)",
 "cairo-sys-rs 0.8.0 (registry+https://github.com/rust-lang/crates.io-index)",
 "gdk-pixbuf-sys 0.8.0 (registry+https://github.com/rust-lang/crates.io-index)",
 "gdk-sys 0.8.0 (registry+https://github.com/rust-lang/crates.io-index)",
 "gio-sys 0.8.0 (registry+https://github.com/rust-lang/crates.io-index)",
 "glib-sys 0.8.0 (registry+https://github.com/rust-lang/crates.io-index)",
 "gobject-sys 0.8.0 (registry+https://github.com/rust-lang/crates.io-index)",
 "libc 0.2.51 (registry+https://github.com/rust-lang/crates.io-index)",
 "pango-sys 0.8.0 (registry+https://github.com/rust-lang/crates.io-index)",
 "pkg-config 0.3.14 (registry+https://github.com/rust-lang/crates.io-index)",
]

[[package]]
name = "inflate"
version = "0.4.5"
source = "registry+https://github.com/rust-lang/crates.io-index"
dependencies = [
 "adler32 1.0.3 (registry+https://github.com/rust-lang/crates.io-index)",
]

[[package]]
name = "lazy_static"
version = "1.3.0"
source = "registry+https://github.com/rust-lang/crates.io-index"

[[package]]
name = "libc"
version = "0.2.51"
source = "registry+https://github.com/rust-lang/crates.io-index"

[[package]]
name = "log"
version = "0.4.6"
source = "registry+https://github.com/rust-lang/crates.io-index"
dependencies = [
 "cfg-if 0.1.7 (registry+https://github.com/rust-lang/crates.io-index)",
]

[[package]]
name = "memchr"
version = "2.2.0"
source = "registry+https://github.com/rust-lang/crates.io-index"

[[package]]
name = "minidom"
version = "0.10.0"
source = "registry+https://github.com/rust-lang/crates.io-index"
dependencies = [
 "failure 0.1.5 (registry+https://github.com/rust-lang/crates.io-index)",
 "failure_derive 0.1.5 (registry+https://github.com/rust-lang/crates.io-index)",
 "quick-xml 0.13.3 (registry+https://github.com/rust-lang/crates.io-index)",
]

[[package]]
name = "opaque-debug"
version = "0.2.2"
source = "registry+https://github.com/rust-lang/crates.io-index"

[[package]]
name = "pango"
version = "0.6.0"
source = "registry+https://github.com/rust-lang/crates.io-index"
dependencies = [
 "bitflags 1.0.4 (registry+https://github.com/rust-lang/crates.io-index)",
 "glib 0.7.1 (registry+https://github.com/rust-lang/crates.io-index)",
 "glib-sys 0.8.0 (registry+https://github.com/rust-lang/crates.io-index)",
 "gobject-sys 0.8.0 (registry+https://github.com/rust-lang/crates.io-index)",
 "lazy_static 1.3.0 (registry+https://github.com/rust-lang/crates.io-index)",
 "libc 0.2.51 (registry+https://github.com/rust-lang/crates.io-index)",
 "pango-sys 0.8.0 (registry+https://github.com/rust-lang/crates.io-index)",
]

[[package]]
name = "pango-sys"
version = "0.8.0"
source = "registry+https://github.com/rust-lang/crates.io-index"
dependencies = [
 "glib-sys 0.8.0 (registry+https://github.com/rust-lang/crates.io-index)",
 "gobject-sys 0.8.0 (registry+https://github.com/rust-lang/crates.io-index)",
 "libc 0.2.51 (registry+https://github.com/rust-lang/crates.io-index)",
 "pkg-config 0.3.14 (registry+https://github.com/rust-lang/crates.io-index)",
]

[[package]]
name = "password-storage"
version = "0.17.2"
dependencies = [
 "aes 0.3.2 (registry+https://github.com/rust-lang/crates.io-index)",
 "bincode 1.1.3 (registry+https://github.com/rust-lang/crates.io-index)",
 "block-modes 0.3.2 (registry+https://github.com/rust-lang/crates.io-index)",
 "debug-cell 0.1.1 (registry+https://github.com/rust-lang/crates.io-index)",
 "deflate 0.7.19 (registry+https://github.com/rust-lang/crates.io-index)",
 "embed-resource 1.2.0 (registry+https://github.com/rust-lang/crates.io-index)",
 "failure 0.1.5 (registry+https://github.com/rust-lang/crates.io-index)",
 "gdk 0.10.0 (registry+https://github.com/rust-lang/crates.io-index)",
 "generic-array 0.12.0 (registry+https://github.com/rust-lang/crates.io-index)",
 "gio 0.6.0 (registry+https://github.com/rust-lang/crates.io-index)",
 "glib 0.7.1 (registry+https://github.com/rust-lang/crates.io-index)",
 "gtk 0.6.0 (registry+https://github.com/rust-lang/crates.io-index)",
 "gtk-sys 0.8.0 (registry+https://github.com/rust-lang/crates.io-index)",
 "inflate 0.4.5 (registry+https://github.com/rust-lang/crates.io-index)",
 "lazy_static 1.3.0 (registry+https://github.com/rust-lang/crates.io-index)",
 "libc 0.2.51 (registry+https://github.com/rust-lang/crates.io-index)",
 "minidom 0.10.0 (registry+https://github.com/rust-lang/crates.io-index)",
 "rand 0.6.5 (registry+https://github.com/rust-lang/crates.io-index)",
 "serde 1.0.90 (registry+https://github.com/rust-lang/crates.io-index)",
 "toml 0.5.1 (registry+https://github.com/rust-lang/crates.io-index)",
]

[[package]]
name = "pkg-config"
version = "0.3.14"
source = "registry+https://github.com/rust-lang/crates.io-index"

[[package]]
name = "proc-macro2"
version = "0.4.27"
source = "registry+https://github.com/rust-lang/crates.io-index"
dependencies = [
 "unicode-xid 0.1.0 (registry+https://github.com/rust-lang/crates.io-index)",
]

[[package]]
name = "quick-xml"
version = "0.13.3"
source = "registry+https://github.com/rust-lang/crates.io-index"
dependencies = [
 "encoding_rs 0.8.17 (registry+https://github.com/rust-lang/crates.io-index)",
 "failure 0.1.5 (registry+https://github.com/rust-lang/crates.io-index)",
 "log 0.4.6 (registry+https://github.com/rust-lang/crates.io-index)",
 "memchr 2.2.0 (registry+https://github.com/rust-lang/crates.io-index)",
]

[[package]]
name = "quote"
version = "0.6.12"
source = "registry+https://github.com/rust-lang/crates.io-index"
dependencies = [
 "proc-macro2 0.4.27 (registry+https://github.com/rust-lang/crates.io-index)",
]

[[package]]
name = "rand"
version = "0.6.5"
source = "registry+https://github.com/rust-lang/crates.io-index"
dependencies = [
 "autocfg 0.1.2 (registry+https://github.com/rust-lang/crates.io-index)",
 "libc 0.2.51 (registry+https://github.com/rust-lang/crates.io-index)",
 "rand_chacha 0.1.1 (registry+https://github.com/rust-lang/crates.io-index)",
 "rand_core 0.4.0 (registry+https://github.com/rust-lang/crates.io-index)",
 "rand_hc 0.1.0 (registry+https://github.com/rust-lang/crates.io-index)",
 "rand_isaac 0.1.1 (registry+https://github.com/rust-lang/crates.io-index)",
 "rand_jitter 0.1.3 (registry+https://github.com/rust-lang/crates.io-index)",
 "rand_os 0.1.3 (registry+https://github.com/rust-lang/crates.io-index)",
 "rand_pcg 0.1.2 (registry+https://github.com/rust-lang/crates.io-index)",
 "rand_xorshift 0.1.1 (registry+https://github.com/rust-lang/crates.io-index)",
 "winapi 0.3.7 (registry+https://github.com/rust-lang/crates.io-index)",
]

[[package]]
name = "rand_chacha"
version = "0.1.1"
source = "registry+https://github.com/rust-lang/crates.io-index"
dependencies = [
 "autocfg 0.1.2 (registry+https://github.com/rust-lang/crates.io-index)",
 "rand_core 0.3.1 (registry+https://github.com/rust-lang/crates.io-index)",
]

[[package]]
name = "rand_core"
version = "0.3.1"
source = "registry+https://github.com/rust-lang/crates.io-index"
dependencies = [
 "rand_core 0.4.0 (registry+https://github.com/rust-lang/crates.io-index)",
]

[[package]]
name = "rand_core"
version = "0.4.0"
source = "registry+https://github.com/rust-lang/crates.io-index"

[[package]]
name = "rand_hc"
version = "0.1.0"
source = "registry+https://github.com/rust-lang/crates.io-index"
dependencies = [
 "rand_core 0.3.1 (registry+https://github.com/rust-lang/crates.io-index)",
]

[[package]]
name = "rand_isaac"
version = "0.1.1"
source = "registry+https://github.com/rust-lang/crates.io-index"
dependencies = [
 "rand_core 0.3.1 (registry+https://github.com/rust-lang/crates.io-index)",
]

[[package]]
name = "rand_jitter"
version = "0.1.3"
source = "registry+https://github.com/rust-lang/crates.io-index"
dependencies = [
 "libc 0.2.51 (registry+https://github.com/rust-lang/crates.io-index)",
 "rand_core 0.4.0 (registry+https://github.com/rust-lang/crates.io-index)",
 "winapi 0.3.7 (registry+https://github.com/rust-lang/crates.io-index)",
]

[[package]]
name = "rand_os"
version = "0.1.3"
source = "registry+https://github.com/rust-lang/crates.io-index"
dependencies = [
 "cloudabi 0.0.3 (registry+https://github.com/rust-lang/crates.io-index)",
 "fuchsia-cprng 0.1.1 (registry+https://github.com/rust-lang/crates.io-index)",
 "libc 0.2.51 (registry+https://github.com/rust-lang/crates.io-index)",
 "rand_core 0.4.0 (registry+https://github.com/rust-lang/crates.io-index)",
 "rdrand 0.4.0 (registry+https://github.com/rust-lang/crates.io-index)",
 "winapi 0.3.7 (registry+https://github.com/rust-lang/crates.io-index)",
]

[[package]]
name = "rand_pcg"
version = "0.1.2"
source = "registry+https://github.com/rust-lang/crates.io-index"
dependencies = [
 "autocfg 0.1.2 (registry+https://github.com/rust-lang/crates.io-index)",
 "rand_core 0.4.0 (registry+https://github.com/rust-lang/crates.io-index)",
]

[[package]]
name = "rand_xorshift"
version = "0.1.1"
source = "registry+https://github.com/rust-lang/crates.io-index"
dependencies = [
 "rand_core 0.3.1 (registry+https://github.com/rust-lang/crates.io-index)",
]

[[package]]
name = "rdrand"
version = "0.4.0"
source = "registry+https://github.com/rust-lang/crates.io-index"
dependencies = [
 "rand_core 0.3.1 (registry+https://github.com/rust-lang/crates.io-index)",
]

[[package]]
name = "rustc-demangle"
version = "0.1.14"
source = "registry+https://github.com/rust-lang/crates.io-index"

[[package]]
name = "serde"
version = "1.0.90"
source = "registry+https://github.com/rust-lang/crates.io-index"
dependencies = [
 "serde_derive 1.0.90 (registry+https://github.com/rust-lang/crates.io-index)",
]

[[package]]
name = "serde_derive"
version = "1.0.90"
source = "registry+https://github.com/rust-lang/crates.io-index"
dependencies = [
 "proc-macro2 0.4.27 (registry+https://github.com/rust-lang/crates.io-index)",
 "quote 0.6.12 (registry+https://github.com/rust-lang/crates.io-index)",
 "syn 0.15.31 (registry+https://github.com/rust-lang/crates.io-index)",
]

[[package]]
name = "syn"
version = "0.15.31"
source = "registry+https://github.com/rust-lang/crates.io-index"
dependencies = [
 "proc-macro2 0.4.27 (registry+https://github.com/rust-lang/crates.io-index)",
 "quote 0.6.12 (registry+https://github.com/rust-lang/crates.io-index)",
 "unicode-xid 0.1.0 (registry+https://github.com/rust-lang/crates.io-index)",
]

[[package]]
name = "synstructure"
version = "0.10.1"
source = "registry+https://github.com/rust-lang/crates.io-index"
dependencies = [
 "proc-macro2 0.4.27 (registry+https://github.com/rust-lang/crates.io-index)",
 "quote 0.6.12 (registry+https://github.com/rust-lang/crates.io-index)",
 "syn 0.15.31 (registry+https://github.com/rust-lang/crates.io-index)",
 "unicode-xid 0.1.0 (registry+https://github.com/rust-lang/crates.io-index)",
]

[[package]]
name = "toml"
version = "0.5.1"
source = "registry+https://github.com/rust-lang/crates.io-index"
dependencies = [
 "serde 1.0.90 (registry+https://github.com/rust-lang/crates.io-index)",
]

[[package]]
name = "typenum"
version = "1.10.0"
source = "registry+https://github.com/rust-lang/crates.io-index"

[[package]]
name = "unicode-xid"
version = "0.1.0"
source = "registry+https://github.com/rust-lang/crates.io-index"

[[package]]
name = "vswhom"
version = "0.1.0"
source = "registry+https://github.com/rust-lang/crates.io-index"
dependencies = [
 "libc 0.2.51 (registry+https://github.com/rust-lang/crates.io-index)",
 "vswhom-sys 0.1.0 (registry+https://github.com/rust-lang/crates.io-index)",
]

[[package]]
name = "vswhom-sys"
version = "0.1.0"
source = "registry+https://github.com/rust-lang/crates.io-index"
dependencies = [
 "cc 1.0.35 (registry+https://github.com/rust-lang/crates.io-index)",
 "libc 0.2.51 (registry+https://github.com/rust-lang/crates.io-index)",
]

[[package]]
name = "winapi"
version = "0.3.7"
source = "registry+https://github.com/rust-lang/crates.io-index"
dependencies = [
 "winapi-i686-pc-windows-gnu 0.4.0 (registry+https://github.com/rust-lang/crates.io-index)",
 "winapi-x86_64-pc-windows-gnu 0.4.0 (registry+https://github.com/rust-lang/crates.io-index)",
]

[[package]]
name = "winapi-i686-pc-windows-gnu"
version = "0.4.0"
source = "registry+https://github.com/rust-lang/crates.io-index"

[[package]]
name = "winapi-x86_64-pc-windows-gnu"
version = "0.4.0"
source = "registry+https://github.com/rust-lang/crates.io-index"

[[package]]
name = "winreg"
version = "0.5.1"
source = "registry+https://github.com/rust-lang/crates.io-index"
dependencies = [
 "winapi 0.3.7 (registry+https://github.com/rust-lang/crates.io-index)",
]

[metadata]
"checksum adler32 1.0.3 (registry+https://github.com/rust-lang/crates.io-index)" = "7e522997b529f05601e05166c07ed17789691f562762c7f3b987263d2dedee5c"
"checksum aes 0.3.2 (registry+https://github.com/rust-lang/crates.io-index)" = "54eb1d8fe354e5fc611daf4f2ea97dd45a765f4f1e4512306ec183ae2e8f20c9"
"checksum aes-soft 0.3.3 (registry+https://github.com/rust-lang/crates.io-index)" = "cfd7e7ae3f9a1fb5c03b389fc6bb9a51400d0c13053f0dca698c832bfd893a0d"
"checksum aesni 0.6.0 (registry+https://github.com/rust-lang/crates.io-index)" = "2f70a6b5f971e473091ab7cfb5ffac6cde81666c4556751d8d5620ead8abf100"
"checksum atk 0.6.0 (registry+https://github.com/rust-lang/crates.io-index)" = "7ce8fd2055aa2ce617754c5a701682a06b4b57093cbbcbd8f068622a8debae96"
"checksum atk-sys 0.8.0 (registry+https://github.com/rust-lang/crates.io-index)" = "83744274abbcc2242f845a25cf84b9adb5991eaecc8f7c67cffd69ea636f4ff8"
"checksum autocfg 0.1.2 (registry+https://github.com/rust-lang/crates.io-index)" = "a6d640bee2da49f60a4068a7fae53acde8982514ab7bae8b8cea9e88cbcfd799"
"checksum backtrace 0.3.15 (registry+https://github.com/rust-lang/crates.io-index)" = "f106c02a3604afcdc0df5d36cc47b44b55917dbaf3d808f71c163a0ddba64637"
"checksum backtrace-sys 0.1.28 (registry+https://github.com/rust-lang/crates.io-index)" = "797c830ac25ccc92a7f8a7b9862bde440715531514594a6154e3d4a54dd769b6"
"checksum bincode 1.1.3 (registry+https://github.com/rust-lang/crates.io-index)" = "959c8e54c1ad412ffeeb95f05a9cade02d2d40a7b3c2f852d3353148f4beff35"
"checksum bitflags 1.0.4 (registry+https://github.com/rust-lang/crates.io-index)" = "228047a76f468627ca71776ecdebd732a3423081fcf5125585bcd7c49886ce12"
"checksum block-cipher-trait 0.6.2 (registry+https://github.com/rust-lang/crates.io-index)" = "1c924d49bd09e7c06003acda26cd9742e796e34282ec6c1189404dee0c1f4774"
"checksum block-modes 0.3.2 (registry+https://github.com/rust-lang/crates.io-index)" = "e56b7b3c472bbc8cacacf8a8fde065bad24af6a2768e6896ea3f7cf6d5739339"
"checksum block-padding 0.1.3 (registry+https://github.com/rust-lang/crates.io-index)" = "d75255892aeb580d3c566f213a2b6fdc1c66667839f45719ee1d30ebf2aea591"
"checksum byte-tools 0.3.1 (registry+https://github.com/rust-lang/crates.io-index)" = "e3b5ca7a04898ad4bcd41c90c5285445ff5b791899bb1b0abdd2a2aa791211d7"
"checksum byteorder 1.3.1 (registry+https://github.com/rust-lang/crates.io-index)" = "a019b10a2a7cdeb292db131fc8113e57ea2a908f6e7894b0c3c671893b65dbeb"
"checksum cairo-rs 0.6.0 (registry+https://github.com/rust-lang/crates.io-index)" = "9e09d8a818b2ccc8983f04d95a9350c3cf8d24cc456cedca3b88fa3a81fdc0e2"
"checksum cairo-sys-rs 0.8.0 (registry+https://github.com/rust-lang/crates.io-index)" = "b3fa13914fdc013387afa771f554f2f71d6ae931f4e5be9246c337d60c3dc484"
"checksum cc 1.0.35 (registry+https://github.com/rust-lang/crates.io-index)" = "5e5f3fee5eeb60324c2781f1e41286bdee933850fff9b3c672587fed5ec58c83"
"checksum cfg-if 0.1.7 (registry+https://github.com/rust-lang/crates.io-index)" = "11d43355396e872eefb45ce6342e4374ed7bc2b3a502d1b28e36d6e23c05d1f4"
"checksum cloudabi 0.0.3 (registry+https://github.com/rust-lang/crates.io-index)" = "ddfc5b9aa5d4507acaf872de71051dfd0e309860e88966e1051e462a077aac4f"
"checksum debug-cell 0.1.1 (registry+https://github.com/rust-lang/crates.io-index)" = "35ee4fc02f25a0400fb57135bcdde6d58a3025718749375f2f97abc3deb3a4ef"
"checksum deflate 0.7.19 (registry+https://github.com/rust-lang/crates.io-index)" = "8a6abb26e16e8d419b5c78662aa9f82857c2386a073da266840e474d5055ec86"
"checksum embed-resource 1.2.0 (registry+https://github.com/rust-lang/crates.io-index)" = "ee11dd277e159f3a7845341f8c800899cf918a366956e31dd52f35eff638a403"
"checksum encoding_rs 0.8.17 (registry+https://github.com/rust-lang/crates.io-index)" = "4155785c79f2f6701f185eb2e6b4caf0555ec03477cb4c70db67b465311620ed"
"checksum failure 0.1.5 (registry+https://github.com/rust-lang/crates.io-index)" = "795bd83d3abeb9220f257e597aa0080a508b27533824adf336529648f6abf7e2"
"checksum failure_derive 0.1.5 (registry+https://github.com/rust-lang/crates.io-index)" = "ea1063915fd7ef4309e222a5a07cf9c319fb9c7836b1f89b85458672dbb127e1"
"checksum fragile 0.3.0 (registry+https://github.com/rust-lang/crates.io-index)" = "05f8140122fa0d5dcb9fc8627cfce2b37cc1500f752636d46ea28bc26785c2f9"
"checksum fuchsia-cprng 0.1.1 (registry+https://github.com/rust-lang/crates.io-index)" = "a06f77d526c1a601b7c4cdd98f54b5eaabffc14d5f2f0296febdc7f357c6d3ba"
"checksum gdk 0.10.0 (registry+https://github.com/rust-lang/crates.io-index)" = "9c229b642a3cf701f92246b131fda2eaabaa5f44f4a255dee65939ebd0ab0141"
"checksum gdk-pixbuf 0.6.0 (registry+https://github.com/rust-lang/crates.io-index)" = "9a1bcb11b461ff5638f6bf03c9f173d3dc250eabc8e57a60644b6f529d3a7c91"
"checksum gdk-pixbuf-sys 0.8.0 (registry+https://github.com/rust-lang/crates.io-index)" = "10e1115ca451907b6d775fc0392641d14c89277662d98828412fb68555e7e8c8"
"checksum gdk-sys 0.8.0 (registry+https://github.com/rust-lang/crates.io-index)" = "458dc6243bdda4aa1693f5f18231f55b98e9c99c50b3b9bd673cf461ef1710ea"
"checksum generic-array 0.12.0 (registry+https://github.com/rust-lang/crates.io-index)" = "3c0f28c2f5bfb5960175af447a2da7c18900693738343dc896ffbcabd9839592"
"checksum gio 0.6.0 (registry+https://github.com/rust-lang/crates.io-index)" = "ff120a666f4a0f41cca7554fbac82defc2562e90eccf3b26a30e6461fa1bbde8"
"checksum gio-sys 0.8.0 (registry+https://github.com/rust-lang/crates.io-index)" = "04957c40df00dd72f7c9ec8e382b01ff8ed4a904fcd2fa608b7ae7fbaccfda8f"
"checksum glib 0.7.1 (registry+https://github.com/rust-lang/crates.io-index)" = "0c4e8fdc159c196a5dfa53a92929ac4c10c8a6637ffb43951f3fff89c2cd2365"
"checksum glib-sys 0.8.0 (registry+https://github.com/rust-lang/crates.io-index)" = "5bda542f3caee39a027638e9644ff89204101ad916fd7370b585ad2c5fc97e61"
"checksum gobject-sys 0.8.0 (registry+https://github.com/rust-lang/crates.io-index)" = "23e05a14290d3dc255223cba51db4b0f3da438d5250657996fa99b2a30faf43e"
"checksum gtk 0.6.0 (registry+https://github.com/rust-lang/crates.io-index)" = "b52cfbd8c3e4a000c8374676352f3850c2d62c0f42ef0a993e5d3fcf47e0be64"
"checksum gtk-sys 0.8.0 (registry+https://github.com/rust-lang/crates.io-index)" = "849835f05d46f605b00ee9fefb6d5921238c570af406f35ee7426ed01cd6795c"
"checksum inflate 0.4.5 (registry+https://github.com/rust-lang/crates.io-index)" = "1cdb29978cc5797bd8dcc8e5bf7de604891df2a8dc576973d71a281e916db2ff"
"checksum lazy_static 1.3.0 (registry+https://github.com/rust-lang/crates.io-index)" = "bc5729f27f159ddd61f4df6228e827e86643d4d3e7c32183cb30a1c08f604a14"
"checksum libc 0.2.51 (registry+https://github.com/rust-lang/crates.io-index)" = "bedcc7a809076656486ffe045abeeac163da1b558e963a31e29fbfbeba916917"
"checksum log 0.4.6 (registry+https://github.com/rust-lang/crates.io-index)" = "c84ec4b527950aa83a329754b01dbe3f58361d1c5efacd1f6d68c494d08a17c6"
"checksum memchr 2.2.0 (registry+https://github.com/rust-lang/crates.io-index)" = "2efc7bc57c883d4a4d6e3246905283d8dae951bb3bd32f49d6ef297f546e1c39"
"checksum minidom 0.10.0 (registry+https://github.com/rust-lang/crates.io-index)" = "275024eea6c6ff4ace22f2750843831183785288eec1cff91a4e6b8898cf94f9"
"checksum opaque-debug 0.2.2 (registry+https://github.com/rust-lang/crates.io-index)" = "93f5bb2e8e8dec81642920ccff6b61f1eb94fa3020c5a325c9851ff604152409"
"checksum pango 0.6.0 (registry+https://github.com/rust-lang/crates.io-index)" = "4e36b55d7cd522bd183efeb3dfabc547bda1f26eadf8a1241dac09ab3fd3242c"
"checksum pango-sys 0.8.0 (registry+https://github.com/rust-lang/crates.io-index)" = "747ab9cd4d537e6dc5ef0e4308c10dde8b706673b0237fed4e056b8d2c0b23c8"
"checksum pkg-config 0.3.14 (registry+https://github.com/rust-lang/crates.io-index)" = "676e8eb2b1b4c9043511a9b7bea0915320d7e502b0a079fb03f9635a5252b18c"
"checksum proc-macro2 0.4.27 (registry+https://github.com/rust-lang/crates.io-index)" = "4d317f9caece796be1980837fd5cb3dfec5613ebdb04ad0956deea83ce168915"
"checksum quick-xml 0.13.3 (registry+https://github.com/rust-lang/crates.io-index)" = "22fcc48ecef4609b243e8c01ff4695d08ee0fc9d5bdbc54630e1a5fe8bb40953"
"checksum quote 0.6.12 (registry+https://github.com/rust-lang/crates.io-index)" = "faf4799c5d274f3868a4aae320a0a182cbd2baee377b378f080e16a23e9d80db"
"checksum rand 0.6.5 (registry+https://github.com/rust-lang/crates.io-index)" = "6d71dacdc3c88c1fde3885a3be3fbab9f35724e6ce99467f7d9c5026132184ca"
"checksum rand_chacha 0.1.1 (registry+https://github.com/rust-lang/crates.io-index)" = "556d3a1ca6600bfcbab7c7c91ccb085ac7fbbcd70e008a98742e7847f4f7bcef"
"checksum rand_core 0.3.1 (registry+https://github.com/rust-lang/crates.io-index)" = "7a6fdeb83b075e8266dcc8762c22776f6877a63111121f5f8c7411e5be7eed4b"
"checksum rand_core 0.4.0 (registry+https://github.com/rust-lang/crates.io-index)" = "d0e7a549d590831370895ab7ba4ea0c1b6b011d106b5ff2da6eee112615e6dc0"
"checksum rand_hc 0.1.0 (registry+https://github.com/rust-lang/crates.io-index)" = "7b40677c7be09ae76218dc623efbf7b18e34bced3f38883af07bb75630a21bc4"
"checksum rand_isaac 0.1.1 (registry+https://github.com/rust-lang/crates.io-index)" = "ded997c9d5f13925be2a6fd7e66bf1872597f759fd9dd93513dd7e92e5a5ee08"
"checksum rand_jitter 0.1.3 (registry+https://github.com/rust-lang/crates.io-index)" = "7b9ea758282efe12823e0d952ddb269d2e1897227e464919a554f2a03ef1b832"
"checksum rand_os 0.1.3 (registry+https://github.com/rust-lang/crates.io-index)" = "7b75f676a1e053fc562eafbb47838d67c84801e38fc1ba459e8f180deabd5071"
"checksum rand_pcg 0.1.2 (registry+https://github.com/rust-lang/crates.io-index)" = "abf9b09b01790cfe0364f52bf32995ea3c39f4d2dd011eac241d2914146d0b44"
"checksum rand_xorshift 0.1.1 (registry+https://github.com/rust-lang/crates.io-index)" = "cbf7e9e623549b0e21f6e97cf8ecf247c1a8fd2e8a992ae265314300b2455d5c"
"checksum rdrand 0.4.0 (registry+https://github.com/rust-lang/crates.io-index)" = "678054eb77286b51581ba43620cc911abf02758c91f93f479767aed0f90458b2"
"checksum rustc-demangle 0.1.14 (registry+https://github.com/rust-lang/crates.io-index)" = "ccc78bfd5acd7bf3e89cffcf899e5cb1a52d6fafa8dec2739ad70c9577a57288"
"checksum serde 1.0.90 (registry+https://github.com/rust-lang/crates.io-index)" = "aa5f7c20820475babd2c077c3ab5f8c77a31c15e16ea38687b4c02d3e48680f4"
"checksum serde_derive 1.0.90 (registry+https://github.com/rust-lang/crates.io-index)" = "58fc82bec244f168b23d1963b45c8bf5726e9a15a9d146a067f9081aeed2de79"
"checksum syn 0.15.31 (registry+https://github.com/rust-lang/crates.io-index)" = "d2b4cfac95805274c6afdb12d8f770fa2d27c045953e7b630a81801953699a9a"
"checksum synstructure 0.10.1 (registry+https://github.com/rust-lang/crates.io-index)" = "73687139bf99285483c96ac0add482c3776528beac1d97d444f6e91f203a2015"
"checksum toml 0.5.1 (registry+https://github.com/rust-lang/crates.io-index)" = "b8c96d7873fa7ef8bdeb3a9cda3ac48389b4154f32b9803b4bc26220b677b039"
"checksum typenum 1.10.0 (registry+https://github.com/rust-lang/crates.io-index)" = "612d636f949607bdf9b123b4a6f6d966dedf3ff669f7f045890d3a4a73948169"
"checksum unicode-xid 0.1.0 (registry+https://github.com/rust-lang/crates.io-index)" = "fc72304796d0818e357ead4e000d19c9c174ab23dc11093ac919054d20a6a7fc"
"checksum vswhom 0.1.0 (registry+https://github.com/rust-lang/crates.io-index)" = "be979b7f07507105799e854203b470ff7c78a1639e330a58f183b5fea574608b"
"checksum vswhom-sys 0.1.0 (registry+https://github.com/rust-lang/crates.io-index)" = "fc2f5402d3d0e79a069714f7b48e3ecc60be7775a2c049cb839457457a239532"
"checksum winapi 0.3.7 (registry+https://github.com/rust-lang/crates.io-index)" = "f10e386af2b13e47c89e7236a7a14a086791a2b88ebad6df9bf42040195cf770"
"checksum winapi-i686-pc-windows-gnu 0.4.0 (registry+https://github.com/rust-lang/crates.io-index)" = "ac3b87c63620426dd9b991e5ce0329eff545bccbbb34f3be09ff6fb6ab51b7b6"
"checksum winapi-x86_64-pc-windows-gnu 0.4.0 (registry+https://github.com/rust-lang/crates.io-index)" = "712e227841d057c1ee1cd2fb22fa7e5a5461ae8e48fa2ca79ec42cfc1931183f"
"checksum winreg 0.5.1 (registry+https://github.com/rust-lang/crates.io-index)" = "a27a759395c1195c4cc5cda607ef6f8f6498f64e78f7900f5de0a127a424704a"
