# This file is automatically @generated by Cargo.
# It is not intended for manual editing.
version = 4

[[package]]
name = "adler32"
version = "1.2.0"
source = "registry+https://github.com/rust-lang/crates.io-index"
checksum = "aae1277d39aeec15cb388266ecc24b11c80469deae6067e17a1a7aa9e5c1f234"

[[package]]
name = "aes"
version = "0.9.3"
source = "registry+https://github.com/rust-lang/crates.io-index"
checksum = "35f0f96ce78e38c3dc6d8948aa8163d06385be74000f3c7a95bf1eef35d3ea32"
dependencies = [
 "cipher",
 "cpubits",
 "cpufeatures",
]

[[package]]
name = "anstream"
version = "1.0.0"
source = "registry+https://github.com/rust-lang/crates.io-index"
checksum = "824a212faf96e9acacdbd09febd34438f8f711fb84e09a8916013cd7815ca28d"
dependencies = [
 "anstyle",
 "anstyle-parse",
 "anstyle-query",
 "anstyle-wincon",
 "colorchoice",
 "is_terminal_polyfill",
 "utf8parse",
]

[[package]]
name = "anstyle"
version = "1.0.14"
source = "registry+https://github.com/rust-lang/crates.io-index"
checksum = "940b3a0ca603d1eade50a4846a2afffd5ef57a9feac2c0e2ec2e14f9ead76000"

[[package]]
name = "anstyle-parse"
version = "1.0.0"
source = "registry+https://github.com/rust-lang/crates.io-index"
checksum = "52ce7f38b242319f7cabaa6813055467063ecdc9d355bbb4ce0c68908cd8130e"
dependencies = [
 "utf8parse",
]

[[package]]
name = "anstyle-query"
version = "1.1.5"
source = "registry+https://github.com/rust-lang/crates.io-index"
checksum = "40c48f72fd53cd289104fc64099abca73db4166ad86ea0b4341abe65af83dadc"
dependencies = [
 "windows-sys 0.61.2",
]

[[package]]
name = "anstyle-wincon"
version = "3.0.11"
source = "registry+https://github.com/rust-lang/crates.io-index"
checksum = "291e6a250ff86cd4a820112fb8898808a366d8f9f58ce16d1f538353ad55747d"
dependencies = [
 "anstyle",
 "once_cell_polyfill",
 "windows-sys 0.61.2",
]

[[package]]
name = "async-channel"
version = "2.5.0"
source = "registry+https://github.com/rust-lang/crates.io-index"
checksum = "924ed96dd52d1b75e9c1a3e6275715fd320f5f9439fb5a4a11fa51f4221158d2"
dependencies = [
 "concurrent-queue",
 "event-listener-strategy",
 "futures-core",
 "pin-project-lite",
]

[[package]]
name = "autocfg"
version = "1.5.1"
source = "registry+https://github.com/rust-lang/crates.io-index"
checksum = "f2032f911046de80f0a198e0901378627c33f59ea0ac00e363d481118bd70a53"

[[package]]
name = "awesome-glib"
version = "0.7.0"
source = "registry+https://github.com/rust-lang/crates.io-index"
checksum = "b50d09aed3cffe7df95251a31d70131320516b241e567c33e01d4a5725ca1388"
dependencies = [
 "proc-macro2",
 "quote",
 "syn 2.0.119",
]

[[package]]
name = "awesome-gtk"
version = "0.7.0"
source = "registry+https://github.com/rust-lang/crates.io-index"
checksum = "778d757503c266ed5c019a381541330527ddd0b08b50366901cc10f16428f9d5"
dependencies = [
 "gtk4",
]

[[package]]
name = "bitflags"
version = "2.13.1"
source = "registry+https://github.com/rust-lang/crates.io-index"
checksum = "b588b76d00fde79687d7646a9b5bdf3cc0f655e0bbd080335a95d7e96f3587da"

[[package]]
name = "block-padding"
version = "0.4.2"
source = "registry+https://github.com/rust-lang/crates.io-index"
checksum = "710f1dd022ef4e93f8a438b4ba958de7f64308434fa6a87104481645cc30068b"
dependencies = [
 "hybrid-array",
]

[[package]]
name = "cairo-rs"
version = "0.22.9"
source = "registry+https://github.com/rust-lang/crates.io-index"
checksum = "df683f1d30b457964673a5541a4603208ef95ab6873d2a55871895cf310f3b56"
dependencies = [
 "bitflags",
 "cairo-sys-rs",
 "glib",
 "libc",
]

[[package]]
name = "cairo-sys-rs"
version = "0.22.9"
source = "registry+https://github.com/rust-lang/crates.io-index"
checksum = "ee548131103ad8f698c6725669647b9c757b3b66992dd6a026037596417bee21"
dependencies = [
 "glib-sys",
 "libc",
 "system-deps 9.0.0",
]

[[package]]
name = "cbc"
version = "0.2.1"
source = "registry+https://github.com/rust-lang/crates.io-index"
checksum = "ce2dc9ee5f88d11e0beb842c88b33c8a5cf0d1329c4b19494af42b07dbfe8896"
dependencies = [
 "cipher",
]

[[package]]
name = "cc"
version = "1.4.5"
source = "registry+https://github.com/rust-lang/crates.io-index"
checksum = "005ec2760ca554fae18df7a11195552ec576cd665632a881bc011d5bb2fd4d80"
dependencies = [
 "find-msvc-tools",
 "shlex",
]

[[package]]
name = "cfg-expr"
version = "0.20.9"
source = "registry+https://github.com/rust-lang/crates.io-index"
checksum = "fe4ece8474b5f766c63426647e7b4b316b67431ade1036a8313cee24a03ae917"
dependencies = [
 "smallvec",
 "target-lexicon",
]

[[package]]
name = "cfg-if"
version = "1.0.4"
source = "registry+https://github.com/rust-lang/crates.io-index"
checksum = "9330f8b2ff13f34540b44e946ef35111825727b38d33286ef986142615121801"

[[package]]
name = "chacha20"
version = "0.10.2"
source = "registry+https://github.com/rust-lang/crates.io-index"
checksum = "65c35e4b699c7e15ccbe7ee35c005e4fc0a278d22238a2857e6ce2dadeda1b06"
dependencies = [
 "cfg-if",
 "cpufeatures",
 "rand_core",
]

[[package]]
name = "cipher"
version = "0.5.2"
source = "registry+https://github.com/rust-lang/crates.io-index"
checksum = "e8cf2a2c93cd704877c0858356ed03480ff301ee950b43f1cbe4573b088bfa6c"
dependencies = [
 "crypto-common",
 "inout",
]

[[package]]
name = "clap"
version = "4.6.6"
source = "registry+https://github.com/rust-lang/crates.io-index"
checksum = "473c7e07f409a8d772161724aa8db6a765a2532a70f9667eeb7b49d3d02fbdca"
dependencies = [
 "clap_builder",
 "clap_derive",
]

[[package]]
name = "clap_builder"
version = "4.6.6"
source = "registry+https://github.com/rust-lang/crates.io-index"
checksum = "7b48fea5a88e9ae728a2dcbedbfc0e730f7d60da42e1cb049a83c9fb8b789889"
dependencies = [
 "anstream",
 "anstyle",
 "clap_lex",
 "strsim",
]

[[package]]
name = "clap_derive"
version = "4.6.4"
source = "registry+https://github.com/rust-lang/crates.io-index"
checksum = "d012d2b9d65aca7f18f4d9878a045bc17899bba951561ba5ec3c2ba1eed9a061"
dependencies = [
 "heck",
 "proc-macro2",
 "quote",
 "syn 3.0.5",
]

[[package]]
name = "clap_lex"
version = "1.1.0"
source = "registry+https://github.com/rust-lang/crates.io-index"
checksum = "c8d4a3bb8b1e0c1050499d1815f5ab16d04f0959b233085fb31653fbfc9d98f9"

[[package]]
name = "colorchoice"
version = "1.0.5"
source = "registry+https://github.com/rust-lang/crates.io-index"
checksum = "1d07550c9036bf2ae0c684c4297d503f838287c83c53686d05370d0e139ae570"

[[package]]
name = "concurrent-queue"
version = "2.5.0"
source = "registry+https://github.com/rust-lang/crates.io-index"
checksum = "4ca0197aee26d1ae37445ee532fefce43251d24cc7c166799f4d46817f1d3973"
dependencies = [
 "crossbeam-utils",
]

[[package]]
name = "cpubits"
version = "0.1.1"
source = "registry+https://github.com/rust-lang/crates.io-index"
checksum = "15b85f9c39137c3a891689859392b1bd49812121d0d61c9caf00d46ed5ce06ae"

[[package]]
name = "cpufeatures"
version = "0.3.1"
source = "registry+https://github.com/rust-lang/crates.io-index"
checksum = "5ca28b0ae3115b884660db4118d803791fd6756b6e88f39c0f3f7859060d7566"
dependencies = [
 "libc",
]

[[package]]
name = "crossbeam-utils"
version = "0.8.22"
source = "registry+https://github.com/rust-lang/crates.io-index"
checksum = "61803da095bee82a81bb1a452ecc25d3b2f1416d1897eb86430c6159ef717c17"

[[package]]
name = "crypto-common"
version = "0.2.2"
source = "registry+https://github.com/rust-lang/crates.io-index"
checksum = "ce6e4c961d6cd6c9a86db418387425e8bdeaf05b3c8bc1411e6dca4c252f1453"
dependencies = [
 "hybrid-array",
]

[[package]]
name = "deflate"
version = "1.0.0"
source = "registry+https://github.com/rust-lang/crates.io-index"
checksum = "c86f7e25f518f4b81808a2cf1c50996a61f5c2eb394b2393bd87f2a4780a432f"
dependencies = [
 "adler32",
]

[[package]]
name = "embed-resource"
version = "3.0.11"
source = "registry+https://github.com/rust-lang/crates.io-index"
checksum = "fbfdaacccebec3b28e4866b8973543c7647797db5ada1bdab552e48fe665fbbd"
dependencies = [
 "cc",
 "memchr",
 "rustc_version",
 "toml",
 "vswhom",
 "winreg",
]

[[package]]
name = "equivalent"
version = "1.0.2"
source = "registry+https://github.com/rust-lang/crates.io-index"
checksum = "877a4ace8713b0bcf2a4e7eec82529c029f1d0619886d18145fea96c3ffe5c0f"

[[package]]
name = "event-listener"
version = "5.4.2"
source = "registry+https://github.com/rust-lang/crates.io-index"
checksum = "5a23add41df1562121a9393cb065eab5146a1242410f23a644851e90cfd669d2"
dependencies = [
 "parking",
 "pin-project-lite",
]

[[package]]
name = "event-listener-strategy"
version = "0.5.4"
source = "registry+https://github.com/rust-lang/crates.io-index"
checksum = "8be9f3dfaaffdae2972880079a491a1a8bb7cbed0b8dd7a347f668b4150a3b93"
dependencies = [
 "event-listener",
 "pin-project-lite",
]

[[package]]
name = "field-offset"
version = "0.3.6"
source = "registry+https://github.com/rust-lang/crates.io-index"
checksum = "38e2275cc4e4fc009b0669731a1e5ab7ebf11f469eaede2bab9309a5b4d6057f"
dependencies = [
 "memoffset",
 "rustc_version",
]

[[package]]
name = "find-msvc-tools"
version = "0.1.12"
source = "registry+https://github.com/rust-lang/crates.io-index"
checksum = "3e0f1c7c3a72c66fd80abe965175f7523475c0489a87d3ff9d6e8c87d87a9d2d"

[[package]]
name = "futures-channel"
version = "0.3.34"
source = "registry+https://github.com/rust-lang/crates.io-index"
checksum = "b1f9e3d69d39e4862ffed03ed071a76f9a13ba1d9109d355b0f0aa6b15e393c4"
dependencies = [
 "futures-core",
]

[[package]]
name = "futures-core"
version = "0.3.34"
source = "registry+https://github.com/rust-lang/crates.io-index"
checksum = "92d699e522242e69e3003b94ecc1f960f3a5e015aa7c5d7486e65ad01dd94f5e"

[[package]]
name = "futures-executor"
version = "0.3.34"
source = "registry+https://github.com/rust-lang/crates.io-index"
checksum = "031b47cf1a3c6cc8bc2fc76cd437f521619387907d469316e7c0bc278f1f5432"
dependencies = [
 "futures-core",
 "futures-task",
 "futures-util",
]

[[package]]
name = "futures-io"
version = "0.3.34"
source = "registry+https://github.com/rust-lang/crates.io-index"
checksum = "53c0fa8157de1303bfffdaa1cc2a673bfffb60102f76b0ef4441659124373fed"

[[package]]
name = "futures-macro"
version = "0.3.34"
source = "registry+https://github.com/rust-lang/crates.io-index"
checksum = "9fb9654ba8355388abeb8dcb4fc62f511300867002afc858860463bdd9fe0c44"
dependencies = [
 "proc-macro2",
 "quote",
 "syn 3.0.5",
]

[[package]]
name = "futures-task"
version = "0.3.34"
source = "registry+https://github.com/rust-lang/crates.io-index"
checksum = "cd417de3d1d015fc3bfd2b1ea46dfc7bab72ef86f1cc7cc9c78e728b34a6d1fd"

[[package]]
name = "futures-util"
version = "0.3.34"
source = "registry+https://github.com/rust-lang/crates.io-index"
checksum = "0d50a92467f8ba5dd6e3ee5d4bd04d73ab2e4e1c44474a0674821dfce14b79bc"
dependencies = [
 "futures-core",
 "futures-macro",
 "futures-task",
 "pin-project-lite",
 "slab",
]

[[package]]
name = "gdk-pixbuf"
version = "0.22.0"
source = "registry+https://github.com/rust-lang/crates.io-index"
checksum = "25f420376dbee041b2db374ce4573892a36222bb3f6c0c43e24f0d67eae9b646"
dependencies = [
 "gdk-pixbuf-sys",
 "gio",
 "glib",
 "libc",
]

[[package]]
name = "gdk-pixbuf-sys"
version = "0.22.9"
source = "registry+https://github.com/rust-lang/crates.io-index"
checksum = "9d5209294ba3775f9b650bf78bfadeba4332089f2329b3e2f6ce0a4957a45bff"
dependencies = [
 "gio-sys",
 "glib-sys",
 "gobject-sys",
 "libc",
 "system-deps 9.0.0",
]

[[package]]
name = "gdk4"
version = "0.11.4"
source = "registry+https://github.com/rust-lang/crates.io-index"
checksum = "d81e2a6c6ecba2aab60633a98df1868b03fa0bfdce8105edc27c1bccf71f0e39"
dependencies = [
 "cairo-rs",
 "gdk-pixbuf",
 "gdk4-sys",
 "gio",
 "glib",
 "libc",
 "pango",
]

[[package]]
name = "gdk4-sys"
version = "0.11.4"
source = "registry+https://github.com/rust-lang/crates.io-index"
checksum = "3d8f608d8d7d229975c4d0d026f5d3071598c4ddab3c5262b0a31840fec78d13"
dependencies = [
 "cairo-sys-rs",
 "gdk-pixbuf-sys",
 "gio-sys",
 "glib-sys",
 "gobject-sys",
 "libc",
 "pango-sys",
 "pkg-config",
 "system-deps 7.0.8",
]

[[package]]
name = "getrandom"
version = "0.4.3"
source = "registry+https://github.com/rust-lang/crates.io-index"
checksum = "300e883d756b2e4ec94e02791f39b04b522276138852cfc41d9fb7e904106099"
dependencies = [
 "cfg-if",
 "libc",
 "r-efi",
 "rand_core",
]

[[package]]
name = "gio"
version = "0.22.9"
source = "registry+https://github.com/rust-lang/crates.io-index"
checksum = "b399f4650bb52c051f3fdf49a234e8a27ab5725c8cd774556c55eee64b2c0350"
dependencies = [
 "futures-channel",
 "futures-core",
 "futures-io",
 "futures-util",
 "gio-sys",
 "glib",
 "libc",
 "pin-project-lite",
 "smallvec",
]

[[package]]
name = "gio-sys"
version = "0.22.9"
source = "registry+https://github.com/rust-lang/crates.io-index"
checksum = "6c28739f914c15b87a9856000bed9cbd5b3a8afbca5e982d9a299e1601422cb5"
dependencies = [
 "glib-sys",
 "gobject-sys",
 "libc",
 "system-deps 9.0.0",
 "windows-sys 0.61.2",
]

[[package]]
name = "glib"
version = "0.22.9"
source = "registry+https://github.com/rust-lang/crates.io-index"
checksum = "18b9b8d350db41f690ec1b87109f202782748bbd8ab2f2ede17cb40d29e2838c"
dependencies = [
 "bitflags",
 "futures-channel",
 "futures-core",
 "futures-executor",
 "futures-task",
 "futures-util",
 "gio-sys",
 "glib-macros",
 "glib-sys",
 "gobject-sys",
 "libc",
 "memchr",
 "smallvec",
]

[[package]]
name = "glib-build-tools"
version = "0.22.8"
source = "registry+https://github.com/rust-lang/crates.io-index"
checksum = "f9871f38b67853c358b8190f77b9f878eb27d933a950f1045b244c4559a9f5f0"

[[package]]
name = "glib-macros"
version = "0.22.9"
source = "registry+https://github.com/rust-lang/crates.io-index"
checksum = "c9597c68fa7bdf4154a3079642cd21c4dccac0b0bdd2897d82861523bf91e7b9"
dependencies = [
 "heck",
 "proc-macro2",
 "quote",
 "syn 3.0.5",
]

[[package]]
name = "glib-sys"
version = "0.22.9"
source = "registry+https://github.com/rust-lang/crates.io-index"
checksum = "99b38907e67e40dec9b60f858bcada952598719cb512a13eb13d6cdcd16f8295"
dependencies = [
 "libc",
 "system-deps 9.0.0",
]

[[package]]
name = "gobject-sys"
version = "0.22.9"
source = "registry+https://github.com/rust-lang/crates.io-index"
checksum = "07595c9ba696bd9819cb6a8df39f08078f3dd679508fe052dd558492c2053834"
dependencies = [
 "glib-sys",
 "libc",
 "system-deps 9.0.0",
]

[[package]]
name = "graphene-rs"
version = "0.22.8"
source = "registry+https://github.com/rust-lang/crates.io-index"
checksum = "eb856b9c558971c3f13ab692358926da710b046932a4e087aedcc35b040d7dff"
dependencies = [
 "glib",
 "graphene-sys",
]

[[package]]
name = "graphene-sys"
version = "0.22.9"
source = "registry+https://github.com/rust-lang/crates.io-index"
checksum = "97842c7543828f98aa5583aa54fcda28aa84fa2b0f8c556142177f7bbb638057"
dependencies = [
 "glib-sys",
 "libc",
 "system-deps 9.0.0",
]

[[package]]
name = "gsk4"
version = "0.11.4"
source = "registry+https://github.com/rust-lang/crates.io-index"
checksum = "b867be1c5f14dcb8f552c0eff6e9a9b1da5f8b43943e8efc3a63c889d84952ff"
dependencies = [
 "cairo-rs",
 "gdk4",
 "glib",
 "graphene-rs",
 "gsk4-sys",
 "libc",
 "pango",
]

[[package]]
name = "gsk4-sys"
version = "0.11.4"
source = "registry+https://github.com/rust-lang/crates.io-index"
checksum = "5b7c7eb2e681ee896646cfb8872b431f24d09f53ba9283289d9b10caa6707088"
dependencies = [
 "cairo-sys-rs",
 "gdk4-sys",
 "glib-sys",
 "gobject-sys",
 "graphene-sys",
 "libc",
 "pango-sys",
 "system-deps 7.0.8",
]

[[package]]
name = "gtk4"
version = "0.11.4"
source = "registry+https://github.com/rust-lang/crates.io-index"
checksum = "98a0a0466484f64b07b5b8184d43fa46be78eb0b8e04ae4e179af31d770b76d9"
dependencies = [
 "cairo-rs",
 "field-offset",
 "futures-channel",
 "gdk-pixbuf",
 "gdk4",
 "gio",
 "glib",
 "graphene-rs",
 "gsk4",
 "gtk4-macros",
 "gtk4-sys",
 "libc",
 "pango",
]

[[package]]
name = "gtk4-macros"
version = "0.11.4"
source = "registry+https://github.com/rust-lang/crates.io-index"
checksum = "5ac7179400a36a04de039c24206bb841c5596992b907b43b23ee8d5bdc40d00e"
dependencies = [
 "proc-macro-crate",
 "proc-macro2",
 "quote",
 "syn 2.0.119",
]

[[package]]
name = "gtk4-sys"
version = "0.11.4"
source = "registry+https://github.com/rust-lang/crates.io-index"
checksum = "82b8f954786af0b1984425c4446b77f5ff6594346181316be3f850caab1c6f01"
dependencies = [
 "cairo-sys-rs",
 "gdk-pixbuf-sys",
 "gdk4-sys",
 "gio-sys",
 "glib-sys",
 "gobject-sys",
 "graphene-sys",
 "gsk4-sys",
 "libc",
 "pango-sys",
 "system-deps 7.0.8",
]

[[package]]
name = "hashbrown"
version = "0.17.1"
source = "registry+https://github.com/rust-lang/crates.io-index"
checksum = "ed5909b6e89a2db4456e54cd5f673791d7eca6732202bbf2a9cc504fe2f9b84a"

[[package]]
name = "heck"
version = "0.5.0"
source = "registry+https://github.com/rust-lang/crates.io-index"
checksum = "2304e00983f87ffb38b55b444b5e3b60a884b5d30c0fca7d82fe33449bbe55ea"

[[package]]
name = "hybrid-array"
version = "0.4.14"
source = "registry+https://github.com/rust-lang/crates.io-index"
checksum = "707114b52a152fa7bdb290cd7cd5912d9467273b6d74e21b8d81aca1f8533f6b"
dependencies = [
 "typenum",
]

[[package]]
name = "indexmap"
version = "2.14.2"
source = "registry+https://github.com/rust-lang/crates.io-index"
checksum = "cc4e190f5d26ca7051642629da2c52fc03bde85a03197c99408dcd291734c855"
dependencies = [
 "equivalent",
 "hashbrown",
]

[[package]]
name = "inflate"
version = "0.4.5"
source = "registry+https://github.com/rust-lang/crates.io-index"
checksum = "1cdb29978cc5797bd8dcc8e5bf7de604891df2a8dc576973d71a281e916db2ff"
dependencies = [
 "adler32",
]

[[package]]
name = "inout"
version = "0.2.2"
source = "registry+https://github.com/rust-lang/crates.io-index"
checksum = "4250ce6452e92010fdf7268ccc5d14faa80bb12fc741938534c58f16804e03c7"
dependencies = [
 "block-padding",
 "hybrid-array",
]

[[package]]
name = "is_terminal_polyfill"
version = "1.70.2"
source = "registry+https://github.com/rust-lang/crates.io-index"
checksum = "a6cb138bb79a146c1bd460005623e142ef0181e3d0219cb493e02f7d08a35695"

[[package]]
name = "libc"
version = "0.2.189"
source = "registry+https://github.com/rust-lang/crates.io-index"
checksum = "3eaf3ede3fee6db1a4c2ee091bf8a8b4dccdc6d17f656fb07896ee72867612f2"

[[package]]
name = "memchr"
version = "2.8.3"
source = "registry+https://github.com/rust-lang/crates.io-index"
checksum = "cf8baf1c55e62ffcace7a9f06f4bd9cd3f0c4beb022d3b367256b91b87513d98"

[[package]]
name = "memoffset"
version = "0.9.1"
source = "registry+https://github.com/rust-lang/crates.io-index"
checksum = "488016bfae457b036d996092f6cb448677611ce4449e970ceaf42695203f218a"
dependencies = [
 "autocfg",
]

[[package]]
name = "once_cell_polyfill"
version = "1.70.2"
source = "registry+https://github.com/rust-lang/crates.io-index"
checksum = "384b8ab6d37215f3c5301a95a4accb5d64aa607f1fcb26a11b5303878451b4fe"

[[package]]
name = "pango"
version = "0.22.9"
source = "registry+https://github.com/rust-lang/crates.io-index"
checksum = "0b2022dbbd82e1c42bd950a6f1df9b98c796e725dce5ec275e03cbf9772e4efa"
dependencies = [
 "gio",
 "glib",
 "pango-sys",
]

[[package]]
name = "pango-sys"
version = "0.22.9"
source = "registry+https://github.com/rust-lang/crates.io-index"
checksum = "ca02d64761b74d56cdd4b437db6d73dc95e6c0d40f27e1c707952c0f09052948"
dependencies = [
 "glib-sys",
 "gobject-sys",
 "libc",
 "system-deps 9.0.0",
]

[[package]]
name = "parking"
version = "2.2.1"
source = "registry+https://github.com/rust-lang/crates.io-index"
checksum = "f38d5652c16fde515bb1ecef450ab0f6a219d619a7274976324d5e377f7dceba"

[[package]]
name = "password-storage"
version = "0.21.0"
dependencies = [
 "aes",
 "async-channel",
 "awesome-glib",
 "awesome-gtk",
 "cbc",
 "clap",
 "deflate",
 "embed-resource",
 "glib-build-tools",
 "gtk4",
 "inflate",
 "quick-xml",
 "rand",
 "rpassword",
 "serde",
 "toml",
]

[[package]]
name = "pin-project-lite"
version = "0.2.17"
source = "registry+https://github.com/rust-lang/crates.io-index"
checksum = "a89322df9ebe1c1578d689c92318e070967d1042b512afbe49518723f4e6d5cd"

[[package]]
name = "pkg-config"
version = "0.3.34"
source = "registry+https://github.com/rust-lang/crates.io-index"
checksum = "f6b464fbc74e149a392436b17d523f769e057cb6877f6a5c4618bc6f11800548"

[[package]]
name = "proc-macro-crate"
version = "3.5.0"
source = "registry+https://github.com/rust-lang/crates.io-index"
checksum = "e67ba7e9b2b56446f1d419b1d807906278ffa1a658a8a5d8a39dcb1f5a78614f"
dependencies = [
 "toml_edit",
]

[[package]]
name = "proc-macro2"
version = "1.0.107"
source = "registry+https://github.com/rust-lang/crates.io-index"
checksum = "985e7ec9bb745e6ce6535b544d84d6cd6f7ad8bd711c398938ae983b91a766d9"
dependencies = [
 "unicode-ident",
]

[[package]]
name = "quick-xml"
version = "0.42.0"
source = "registry+https://github.com/rust-lang/crates.io-index"
checksum = "41b1177fdf999d2321d3fb46ff47159d9c1fb9ad66a4879f8c50a0b504615e9b"
dependencies = [
 "memchr",
]

[[package]]
name = "quote"
version = "1.0.47"
source = "registry+https://github.com/rust-lang/crates.io-index"
checksum = "1fbf4db142a473a8d80c26bbf18454ed458bf8d26c8219c331daecfdbd079001"
dependencies = [
 "proc-macro2",
]

[[package]]
name = "r-efi"
version = "6.0.0"
source = "registry+https://github.com/rust-lang/crates.io-index"
checksum = "f8dcc9c7d52a811697d2151c701e0d08956f92b0e24136cf4cf27b57a6a0d9bf"

[[package]]
name = "rand"
version = "0.10.2"
source = "registry+https://github.com/rust-lang/crates.io-index"
checksum = "c7f5fa3a058cd35567ef9bfa5e75732bee0f9e4c55fa90477bef2dfcdbc4be80"
dependencies = [
 "chacha20",
 "getrandom",
 "rand_core",
]

[[package]]
name = "rand_core"
version = "0.10.1"
source = "registry+https://github.com/rust-lang/crates.io-index"
checksum = "63b8176103e19a2643978565ca18b50549f6101881c443590420e4dc998a3c69"

[[package]]
name = "rpassword"
version = "7.5.4"
source = "registry+https://github.com/rust-lang/crates.io-index"
checksum = "2da316a15f47e3d053de9cb2c439650bd8fa4aaeb9365f2e5f27f492ff73c196"
dependencies = [
 "libc",
 "rtoolbox",
 "windows-sys 0.61.2",
]

[[package]]
name = "rtoolbox"
version = "0.0.6"
source = "registry+https://github.com/rust-lang/crates.io-index"
checksum = "9a1efe12a1469752d0e6ff5ebec0b6ef4924cc5c4c71046b0ec730040535819d"
dependencies = [
 "libc",
 "windows-sys 0.61.2",
]

[[package]]
name = "rustc_version"
version = "0.4.1"
source = "registry+https://github.com/rust-lang/crates.io-index"
checksum = "cfcb3a22ef46e85b45de6ee7e79d063319ebb6594faafcf1c225ea92ab6e9b92"
dependencies = [
 "semver",
]

[[package]]
name = "semver"
version = "1.0.28"
source = "registry+https://github.com/rust-lang/crates.io-index"
checksum = "8a7852d02fc848982e0c167ef163aaff9cd91dc640ba85e263cb1ce46fae51cd"

[[package]]
name = "serde"
version = "1.0.229"
source = "registry+https://github.com/rust-lang/crates.io-index"
checksum = "4148590afebada386688f18773da617792bf2ef03ffc1e4cbd2b1d45b023e0ba"
dependencies = [
 "serde_core",
 "serde_derive",
]

[[package]]
name = "serde_core"
version = "1.0.229"
source = "registry+https://github.com/rust-lang/crates.io-index"
checksum = "67dca2c9c51e58a4791a4b1ed58308b39c64224d349a935ab5039aa360942a48"
dependencies = [
 "serde_derive",
]

[[package]]
name = "serde_derive"
version = "1.0.229"
source = "registry+https://github.com/rust-lang/crates.io-index"
checksum = "e7a5d71263a5a7d47b41f6b3f06ba276f10cc18b0931f1799f710578e2309348"
dependencies = [
 "proc-macro2",
 "quote",
 "syn 3.0.5",
]

[[package]]
name = "serde_spanned"
version = "1.1.1"
source = "registry+https://github.com/rust-lang/crates.io-index"
checksum = "6662b5879511e06e8999a8a235d848113e942c9124f211511b16466ee2995f26"
dependencies = [
 "serde_core",
]

[[package]]
name = "shlex"
version = "2.0.1"
source = "registry+https://github.com/rust-lang/crates.io-index"
checksum = "f8fadd59c855ef2080decdef8ff161eb6661b86933c9d82e5ba29dc602a55aba"

[[package]]
name = "slab"
version = "0.4.12"
source = "registry+https://github.com/rust-lang/crates.io-index"
checksum = "0c790de23124f9ab44544d7ac05d60440adc586479ce501c1d6d7da3cd8c9cf5"

[[package]]
name = "smallvec"
version = "1.16.0"
source = "registry+https://github.com/rust-lang/crates.io-index"
checksum = "b9be42f50aa861c555654aa3a37f52f4b1074bacf4e48fe0ef7fa584e80f1f0f"

[[package]]
name = "strsim"
version = "0.11.1"
source = "registry+https://github.com/rust-lang/crates.io-index"
checksum = "7da8b5736845d9f2fcb837ea5d9e2628564b3b043a70948a3f0b778838c5fb4f"

[[package]]
name = "syn"
version = "2.0.119"
source = "registry+https://github.com/rust-lang/crates.io-index"
checksum = "872831b642d1a07999a962a351ed35b955ea2cfc8f3862091e2a240a84f17297"
dependencies = [
 "proc-macro2",
 "quote",
 "unicode-ident",
]

[[package]]
name = "syn"
version = "3.0.5"
source = "registry+https://github.com/rust-lang/crates.io-index"
checksum = "12df2e0110f65b775f769bb17ef989067a1d931b2eb822bd4346631eeada89f9"
dependencies = [
 "proc-macro2",
 "quote",
 "unicode-ident",
]

[[package]]
name = "system-deps"
version = "7.0.8"
source = "registry+https://github.com/rust-lang/crates.io-index"
checksum = "396a35feb67335377e0251fcbc1092fc85c484bd4e3a7a54319399da127796e7"
dependencies = [
 "cfg-expr",
 "heck",
 "pkg-config",
 "toml",
 "version-compare",
]

[[package]]
name = "system-deps"
version = "9.0.0"
source = "registry+https://github.com/rust-lang/crates.io-index"
checksum = "8a0dae2cbca1f0ff93795713cfe0a4c02f760e3c0b8ae2ab4ec4045808ff429f"
dependencies = [
 "cfg-expr",
 "heck",
 "pkg-config",
 "toml",
 "version-compare",
]

[[package]]
name = "target-lexicon"
version = "0.13.5"
source = "registry+https://github.com/rust-lang/crates.io-index"
checksum = "adb6935a6f5c20170eeceb1a3835a49e12e19d792f6dd344ccc76a985ca5a6ca"

[[package]]
name = "toml"
version = "1.1.5+spec-1.1.0"
source = "registry+https://github.com/rust-lang/crates.io-index"
checksum = "12c0ba9680044b4ce98d391a62094047eada0d64860b80166c39f4a6b5640785"
dependencies = [
 "indexmap",
 "serde_core",
 "serde_spanned",
 "toml_datetime",
 "toml_parser",
 "toml_writer",
 "winnow",
]

[[package]]
name = "toml_datetime"
version = "1.1.1+spec-1.1.0"
source = "registry+https://github.com/rust-lang/crates.io-index"
checksum = "3165f65f62e28e0115a00b2ebdd37eb6f3b641855f9d636d3cd4103767159ad7"
dependencies = [
 "serde_core",
]

[[package]]
name = "toml_edit"
version = "0.25.13+spec-1.1.0"
source = "registry+https://github.com/rust-lang/crates.io-index"
checksum = "6975367e4d2ef766d86af01ffad14b622fecc8d4357a998fbc4deb6e9bacaf9b"
dependencies = [
 "indexmap",
 "toml_datetime",
 "toml_parser",
 "winnow",
]

[[package]]
name = "toml_parser"
version = "1.1.3+spec-1.1.0"
source = "registry+https://github.com/rust-lang/crates.io-index"
checksum = "1d38ac1cf9b95face32296c0a3ede1fdc270627c9d9c02a7274dd6d960dc4d56"
dependencies = [
 "winnow",
]

[[package]]
name = "toml_writer"
version = "1.1.2+spec-1.1.0"
source = "registry+https://github.com/rust-lang/crates.io-index"
checksum = "7d56353a2a665ad0f41a421187180aab746c8c325620617ad883a99a1cbe66d2"

[[package]]
name = "typenum"
version = "1.20.1"
source = "registry+https://github.com/rust-lang/crates.io-index"
checksum = "b6f5e870be6c3b371b77fe0ee0bafb859fa4964b4404c27de1d380043c4dda20"

[[package]]
name = "unicode-ident"
version = "1.0.24"
source = "registry+https://github.com/rust-lang/crates.io-index"
checksum = "e6e4313cd5fcd3dad5cafa179702e2b244f760991f45397d14d4ebf38247da75"

[[package]]
name = "utf8parse"
version = "0.2.2"
source = "registry+https://github.com/rust-lang/crates.io-index"
checksum = "06abde3611657adf66d383f00b093d7faecc7fa57071cce2578660c9f1010821"

[[package]]
name = "version-compare"
version = "0.2.1"
source = "registry+https://github.com/rust-lang/crates.io-index"
checksum = "03c2856837ef78f57382f06b2b8563a2f512f7185d732608fd9176cb3b8edf0e"

[[package]]
name = "vswhom"
version = "0.1.0"
source = "registry+https://github.com/rust-lang/crates.io-index"
checksum = "be979b7f07507105799e854203b470ff7c78a1639e330a58f183b5fea574608b"
dependencies = [
 "libc",
 "vswhom-sys",
]

[[package]]
name = "vswhom-sys"
version = "0.1.3"
source = "registry+https://github.com/rust-lang/crates.io-index"
checksum = "fb067e4cbd1ff067d1df46c9194b5de0e98efd2810bbc95c5d5e5f25a3231150"
dependencies = [
 "cc",
 "libc",
]

[[package]]
name = "windows-link"
version = "0.2.1"
source = "registry+https://github.com/rust-lang/crates.io-index"
checksum = "f0805222e57f7521d6a62e36fa9163bc891acd422f971defe97d64e70d0a4fe5"

[[package]]
name = "windows-sys"
version = "0.59.0"
source = "registry+https://github.com/rust-lang/crates.io-index"
checksum = "1e38bc4d79ed67fd075bcc251a1c39b32a1776bbe92e5bef1f0bf1f8c531853b"
dependencies = [
 "windows-targets",
]

[[package]]
name = "windows-sys"
version = "0.61.2"
source = "registry+https://github.com/rust-lang/crates.io-index"
checksum = "ae137229bcbd6cdf0f7b80a31df61766145077ddf49416a728b02cb3921ff3fc"
dependencies = [
 "windows-link",
]

[[package]]
name = "windows-targets"
version = "0.52.6"
source = "registry+https://github.com/rust-lang/crates.io-index"
checksum = "9b724f72796e036ab90c1021d4780d4d3d648aca59e491e6b98e725b84e99973"
dependencies = [
 "windows_aarch64_gnullvm",
 "windows_aarch64_msvc",
 "windows_i686_gnu",
 "windows_i686_gnullvm",
 "windows_i686_msvc",
 "windows_x86_64_gnu",
 "windows_x86_64_gnullvm",
 "windows_x86_64_msvc",
]

[[package]]
name = "windows_aarch64_gnullvm"
version = "0.52.6"
source = "registry+https://github.com/rust-lang/crates.io-index"
checksum = "32a4622180e7a0ec044bb555404c800bc9fd9ec262ec147edd5989ccd0c02cd3"

[[package]]
name = "windows_aarch64_msvc"
version = "0.52.6"
source = "registry+https://github.com/rust-lang/crates.io-index"
checksum = "09ec2a7bb152e2252b53fa7803150007879548bc709c039df7627cabbd05d469"

[[package]]
name = "windows_i686_gnu"
version = "0.52.6"
source = "registry+https://github.com/rust-lang/crates.io-index"
checksum = "8e9b5ad5ab802e97eb8e295ac6720e509ee4c243f69d781394014ebfe8bbfa0b"

[[package]]
name = "windows_i686_gnullvm"
version = "0.52.6"
source = "registry+https://github.com/rust-lang/crates.io-index"
checksum = "0eee52d38c090b3caa76c563b86c3a4bd71ef1a819287c19d586d7334ae8ed66"

[[package]]
name = "windows_i686_msvc"
version = "0.52.6"
source = "registry+https://github.com/rust-lang/crates.io-index"
checksum = "240948bc05c5e7c6dabba28bf89d89ffce3e303022809e73deaefe4f6ec56c66"

[[package]]
name = "windows_x86_64_gnu"
version = "0.52.6"
source = "registry+https://github.com/rust-lang/crates.io-index"
checksum = "147a5c80aabfbf0c7d901cb5895d1de30ef2907eb21fbbab29ca94c5b08b1a78"

[[package]]
name = "windows_x86_64_gnullvm"
version = "0.52.6"
source = "registry+https://github.com/rust-lang/crates.io-index"
checksum = "24d5b23dc417412679681396f2b49f3de8c1473deb516bd34410872eff51ed0d"

[[package]]
name = "windows_x86_64_msvc"
version = "0.52.6"
source = "registry+https://github.com/rust-lang/crates.io-index"
checksum = "589f6da84c646204747d1270a2a5661ea66ed1cced2631d546fdfb155959f9ec"

[[package]]
name = "winnow"
version = "1.0.4"
source = "registry+https://github.com/rust-lang/crates.io-index"
checksum = "23b97319f7b8343df12cc98938e5c3eb436064524c8d2b4e30a1d3a36eecdf81"
dependencies = [
 "memchr",
]

[[package]]
name = "winreg"
version = "0.55.0"
source = "registry+https://github.com/rust-lang/crates.io-index"
checksum = "cb5a765337c50e9ec252c2069be9bf91c7df47afb103b642ba3a53bf8101be97"
dependencies = [
 "cfg-if",
 "windows-sys 0.59.0",
]
